// !$*UTF8*$!
{
	archiveVersion = 1;
	classes = {
	};
	objectVersion = 46;
	objects = {

/* Begin PBXBuildFile section */
		4004F4301AA7026D00EF80FC /* DemoGridCell.xib in Resources */ = {isa = PBXBuildFile; fileRef = 4004F42B1AA7026D00EF80FC /* DemoGridCell.xib */; };
		4004F4311AA7026D00EF80FC /* DemoGridColumnCell.xib in Resources */ = {isa = PBXBuildFile; fileRef = 4004F42C1AA7026D00EF80FC /* DemoGridColumnCell.xib */; };
		4004F4321AA7026D00EF80FC /* DemoGridController.m in Sources */ = {isa = PBXBuildFile; fileRef = 4004F42E1AA7026D00EF80FC /* DemoGridController.m */; };
		4004F4331AA7026D00EF80FC /* DemoGridRowCell.xib in Resources */ = {isa = PBXBuildFile; fileRef = 4004F42F1AA7026D00EF80FC /* DemoGridRowCell.xib */; };
		401FEE5318A3F92800B445EB /* Foundation.framework in Frameworks */ = {isa = PBXBuildFile; fileRef = 401FEE5218A3F92800B445EB /* Foundation.framework */; };
		401FEE5518A3F92800B445EB /* CoreGraphics.framework in Frameworks */ = {isa = PBXBuildFile; fileRef = 401FEE5418A3F92800B445EB /* CoreGraphics.framework */; };
		401FEE5718A3F92800B445EB /* UIKit.framework in Frameworks */ = {isa = PBXBuildFile; fileRef = 401FEE5618A3F92800B445EB /* UIKit.framework */; };
		406B45B51AAF68160048268C /* DemoGridController.xib in Resources */ = {isa = PBXBuildFile; fileRef = 406B45B41AAF68160048268C /* DemoGridController.xib */; };
		407B41BF1A6420ED00A3DFFD /* AVFoundation.framework in Frameworks */ = {isa = PBXBuildFile; fileRef = 407B41BE1A6420ED00A3DFFD /* AVFoundation.framework */; };
		407B41C61A642F7300A3DFFD /* DemoAudioRecorderController.m in Sources */ = {isa = PBXBuildFile; fileRef = 407B41C41A642F7300A3DFFD /* DemoAudioRecorderController.m */; };
		407B41C71A642F7300A3DFFD /* DemoAudioRecorderController.xib in Resources */ = {isa = PBXBuildFile; fileRef = 407B41C51A642F7300A3DFFD /* DemoAudioRecorderController.xib */; };
		407F25B41A65864C00B0A79C /* TestMusic.m4a in Resources */ = {isa = PBXBuildFile; fileRef = 407F25B31A65864C00B0A79C /* TestMusic.m4a */; };
		407F25B91A65CB4800B0A79C /* DemoAudioPlayerController.m in Sources */ = {isa = PBXBuildFile; fileRef = 407F25B71A65CB4800B0A79C /* DemoAudioPlayerController.m */; };
		407F25BA1A65CB4800B0A79C /* DemoAudioPlayerController.xib in Resources */ = {isa = PBXBuildFile; fileRef = 407F25B81A65CB4800B0A79C /* DemoAudioPlayerController.xib */; };
		408718EA1A5C443900833F0A /* DemoCategoriesController.m in Sources */ = {isa = PBXBuildFile; fileRef = 408718DD1A5C443900833F0A /* DemoCategoriesController.m */; };
		408718EB1A5C443900833F0A /* DemoCategoriesController.xib in Resources */ = {isa = PBXBuildFile; fileRef = 408718DE1A5C443900833F0A /* DemoCategoriesController.xib */; };
		408718EC1A5C443900833F0A /* DemoApplication.m in Sources */ = {isa = PBXBuildFile; fileRef = 408718E01A5C443900833F0A /* DemoApplication.m */; };
		408718EE1A5C443900833F0A /* InfoPlist.strings in Resources */ = {isa = PBXBuildFile; fileRef = 408718E41A5C443900833F0A /* InfoPlist.strings */; };
		408718EF1A5C443900833F0A /* Main.m in Sources */ = {isa = PBXBuildFile; fileRef = 408718E61A5C443900833F0A /* Main.m */; };
		408718F01A5C443900833F0A /* Application.mobily in Resources */ = {isa = PBXBuildFile; fileRef = 408718E81A5C443900833F0A /* Application.mobily */; };
		408718F11A5C443900833F0A /* Presets.mobily in Resources */ = {isa = PBXBuildFile; fileRef = 408718E91A5C443900833F0A /* Presets.mobily */; };
		408718F31A5D2A3E00833F0A /* DemoCategoriesCell.xib in Resources */ = {isa = PBXBuildFile; fileRef = 408718F21A5D2A3E00833F0A /* DemoCategoriesCell.xib */; };
		408718F81A5D315D00833F0A /* DemoButtonsController.m in Sources */ = {isa = PBXBuildFile; fileRef = 408718F61A5D315D00833F0A /* DemoButtonsController.m */; };
		408718F91A5D315D00833F0A /* DemoButtonsController.xib in Resources */ = {isa = PBXBuildFile; fileRef = 408718F71A5D315D00833F0A /* DemoButtonsController.xib */; };
		408718FE1A5D491600833F0A /* DemoFieldsController.m in Sources */ = {isa = PBXBuildFile; fileRef = 408718FC1A5D491600833F0A /* DemoFieldsController.m */; };
		408718FF1A5D491600833F0A /* DemoFieldsController.xib in Resources */ = {isa = PBXBuildFile; fileRef = 408718FD1A5D491600833F0A /* DemoFieldsController.xib */; };
		4098290A1A712A2600D83152 /* Podfile in Resources */ = {isa = PBXBuildFile; fileRef = 409829091A712A2600D83152 /* Podfile */; };
		409829101A712B0400D83152 /* DemoTablesCell.xib in Resources */ = {isa = PBXBuildFile; fileRef = 4098290C1A712B0400D83152 /* DemoTablesCell.xib */; };
		409829111A712B0400D83152 /* DemoTablesController.m in Sources */ = {isa = PBXBuildFile; fileRef = 4098290E1A712B0400D83152 /* DemoTablesController.m */; };
		409829121A712B0400D83152 /* DemoTablesController.xib in Resources */ = {isa = PBXBuildFile; fileRef = 4098290F1A712B0400D83152 /* DemoTablesController.xib */; };
		409829181A712B9200D83152 /* Demo500pxCell.xib in Resources */ = {isa = PBXBuildFile; fileRef = 409829141A712B9200D83152 /* Demo500pxCell.xib */; };
		409829191A712B9200D83152 /* Demo500pxController.m in Sources */ = {isa = PBXBuildFile; fileRef = 409829161A712B9200D83152 /* Demo500pxController.m */; };
		4098291A1A712B9200D83152 /* Demo500pxController.xib in Resources */ = {isa = PBXBuildFile; fileRef = 409829171A712B9200D83152 /* Demo500pxController.xib */; };
		40C01D661A893CBC00FD41B2 /* Mobily.podspec in Resources */ = {isa = PBXBuildFile; fileRef = 40C01D651A893CBC00FD41B2 /* Mobily.podspec */; };
		40E915F21AA0A6C000572C4E /* DemoCalendarController.m in Sources */ = {isa = PBXBuildFile; fileRef = 40E915EE1AA0A6C000572C4E /* DemoCalendarController.m */; };
		40E915F31AA0A6C000572C4E /* DemoCalendarController.xib in Resources */ = {isa = PBXBuildFile; fileRef = 40E915EF1AA0A6C000572C4E /* DemoCalendarController.xib */; };
		40E915F41AA0A6C000572C4E /* DemoCalendarMonthCell.xib in Resources */ = {isa = PBXBuildFile; fileRef = 40E915F01AA0A6C000572C4E /* DemoCalendarMonthCell.xib */; };
		40E915F51AA0A6C000572C4E /* DemoCalendarDayCell.xib in Resources */ = {isa = PBXBuildFile; fileRef = 40E915F11AA0A6C000572C4E /* DemoCalendarDayCell.xib */; };
		40E915F71AA0B36800572C4E /* DemoCalendarWeekdayCell.xib in Resources */ = {isa = PBXBuildFile; fileRef = 40E915F61AA0B36800572C4E /* DemoCalendarWeekdayCell.xib */; };
		40E916071AA1F8EE00572C4E /* DemoCategoriesHeaderCell.xib in Resources */ = {isa = PBXBuildFile; fileRef = 40E916061AA1F8EE00572C4E /* DemoCategoriesHeaderCell.xib */; };
		40FDAE361A9B290100A17A98 /* menu-back.png in Resources */ = {isa = PBXBuildFile; fileRef = 40FDAE331A9B290100A17A98 /* menu-back.png */; };
		40FDAE371A9B290100A17A98 /* menu-back@2x.png in Resources */ = {isa = PBXBuildFile; fileRef = 40FDAE341A9B290100A17A98 /* menu-back@2x.png */; };
		40FDAE381A9B290100A17A98 /* menu-back@3x.png in Resources */ = {isa = PBXBuildFile; fileRef = 40FDAE351A9B290100A17A98 /* menu-back@3x.png */; };
		C13E78B87D644CF2A6696DA8 /* libPods.a in Frameworks */ = {isa = PBXBuildFile; fileRef = F16AA68F9FE04603B1D99102 /* libPods.a */; };
/* End PBXBuildFile section */

/* Begin PBXFileReference section */
		2BBC62D562492FDF2CDB1707 /* Pods.debug.xcconfig */ = {isa = PBXFileReference; includeInIndex = 1; lastKnownFileType = text.xcconfig; name = Pods.debug.xcconfig; path = "Pods/Target Support Files/Pods/Pods.debug.xcconfig"; sourceTree = "<group>"; };
		4004F42B1AA7026D00EF80FC /* DemoGridCell.xib */ = {isa = PBXFileReference; fileEncoding = 4; lastKnownFileType = file.xib; path = DemoGridCell.xib; sourceTree = "<group>"; };
		4004F42C1AA7026D00EF80FC /* DemoGridColumnCell.xib */ = {isa = PBXFileReference; fileEncoding = 4; lastKnownFileType = file.xib; path = DemoGridColumnCell.xib; sourceTree = "<group>"; };
		4004F42D1AA7026D00EF80FC /* DemoGridController.h */ = {isa = PBXFileReference; fileEncoding = 4; lastKnownFileType = sourcecode.c.h; path = DemoGridController.h; sourceTree = "<group>"; };
		4004F42E1AA7026D00EF80FC /* DemoGridController.m */ = {isa = PBXFileReference; fileEncoding = 4; lastKnownFileType = sourcecode.c.objc; path = DemoGridController.m; sourceTree = "<group>"; };
		4004F42F1AA7026D00EF80FC /* DemoGridRowCell.xib */ = {isa = PBXFileReference; fileEncoding = 4; lastKnownFileType = file.xib; path = DemoGridRowCell.xib; sourceTree = "<group>"; };
		401FEE4F18A3F92800B445EB /* Demo.app */ = {isa = PBXFileReference; explicitFileType = wrapper.application; includeInIndex = 0; path = Demo.app; sourceTree = BUILT_PRODUCTS_DIR; };
		401FEE5218A3F92800B445EB /* Foundation.framework */ = {isa = PBXFileReference; lastKnownFileType = wrapper.framework; name = Foundation.framework; path = System/Library/Frameworks/Foundation.framework; sourceTree = SDKROOT; };
		401FEE5418A3F92800B445EB /* CoreGraphics.framework */ = {isa = PBXFileReference; lastKnownFileType = wrapper.framework; name = CoreGraphics.framework; path = System/Library/Frameworks/CoreGraphics.framework; sourceTree = SDKROOT; };
		401FEE5618A3F92800B445EB /* UIKit.framework */ = {isa = PBXFileReference; lastKnownFileType = wrapper.framework; name = UIKit.framework; path = System/Library/Frameworks/UIKit.framework; sourceTree = SDKROOT; };
		406B45B41AAF68160048268C /* DemoGridController.xib */ = {isa = PBXFileReference; fileEncoding = 4; lastKnownFileType = file.xib; path = DemoGridController.xib; sourceTree = "<group>"; };
		407B41BE1A6420ED00A3DFFD /* AVFoundation.framework */ = {isa = PBXFileReference; lastKnownFileType = wrapper.framework; name = AVFoundation.framework; path = System/Library/Frameworks/AVFoundation.framework; sourceTree = SDKROOT; };
		407B41C31A642F7300A3DFFD /* DemoAudioRecorderController.h */ = {isa = PBXFileReference; fileEncoding = 4; lastKnownFileType = sourcecode.c.h; path = DemoAudioRecorderController.h; sourceTree = "<group>"; };
		407B41C41A642F7300A3DFFD /* DemoAudioRecorderController.m */ = {isa = PBXFileReference; fileEncoding = 4; lastKnownFileType = sourcecode.c.objc; path = DemoAudioRecorderController.m; sourceTree = "<group>"; };
		407B41C51A642F7300A3DFFD /* DemoAudioRecorderController.xib */ = {isa = PBXFileReference; fileEncoding = 4; lastKnownFileType = file.xib; path = DemoAudioRecorderController.xib; sourceTree = "<group>"; };
		407F25B31A65864C00B0A79C /* TestMusic.m4a */ = {isa = PBXFileReference; lastKnownFileType = file; path = TestMusic.m4a; sourceTree = "<group>"; };
		407F25B61A65CB4800B0A79C /* DemoAudioPlayerController.h */ = {isa = PBXFileReference; fileEncoding = 4; lastKnownFileType = sourcecode.c.h; path = DemoAudioPlayerController.h; sourceTree = "<group>"; };
		407F25B71A65CB4800B0A79C /* DemoAudioPlayerController.m */ = {isa = PBXFileReference; fileEncoding = 4; lastKnownFileType = sourcecode.c.objc; path = DemoAudioPlayerController.m; sourceTree = "<group>"; };
		407F25B81A65CB4800B0A79C /* DemoAudioPlayerController.xib */ = {isa = PBXFileReference; fileEncoding = 4; lastKnownFileType = file.xib; path = DemoAudioPlayerController.xib; sourceTree = "<group>"; };
		408718DC1A5C443900833F0A /* DemoCategoriesController.h */ = {isa = PBXFileReference; fileEncoding = 4; lastKnownFileType = sourcecode.c.h; path = DemoCategoriesController.h; sourceTree = "<group>"; };
		408718DD1A5C443900833F0A /* DemoCategoriesController.m */ = {isa = PBXFileReference; fileEncoding = 4; lastKnownFileType = sourcecode.c.objc; lineEnding = 0; path = DemoCategoriesController.m; sourceTree = "<group>"; xcLanguageSpecificationIdentifier = xcode.lang.objc; };
		408718DE1A5C443900833F0A /* DemoCategoriesController.xib */ = {isa = PBXFileReference; fileEncoding = 4; lastKnownFileType = file.xib; path = DemoCategoriesController.xib; sourceTree = "<group>"; };
		408718DF1A5C443900833F0A /* DemoApplication.h */ = {isa = PBXFileReference; fileEncoding = 4; lastKnownFileType = sourcecode.c.h; path = DemoApplication.h; sourceTree = "<group>"; };
		408718E01A5C443900833F0A /* DemoApplication.m */ = {isa = PBXFileReference; fileEncoding = 4; lastKnownFileType = sourcecode.c.objc; path = DemoApplication.m; sourceTree = "<group>"; };
		408718E11A5C443900833F0A /* Demo.pch */ = {isa = PBXFileReference; fileEncoding = 4; lastKnownFileType = sourcecode.c.h; path = Demo.pch; sourceTree = "<group>"; };
		408718E21A5C443900833F0A /* Demo.plist */ = {isa = PBXFileReference; fileEncoding = 4; lastKnownFileType = text.plist.xml; path = Demo.plist; sourceTree = "<group>"; };
		408718E51A5C443900833F0A /* en */ = {isa = PBXFileReference; lastKnownFileType = text.plist.strings; name = en; path = en.lproj/InfoPlist.strings; sourceTree = "<group>"; };
		408718E61A5C443900833F0A /* Main.m */ = {isa = PBXFileReference; fileEncoding = 4; lastKnownFileType = sourcecode.c.objc; path = Main.m; sourceTree = "<group>"; };
		408718E81A5C443900833F0A /* Application.mobily */ = {isa = PBXFileReference; fileEncoding = 4; lastKnownFileType = text.xml; path = Application.mobily; sourceTree = "<group>"; };
		408718E91A5C443900833F0A /* Presets.mobily */ = {isa = PBXFileReference; fileEncoding = 4; lastKnownFileType = text.xml; path = Presets.mobily; sourceTree = "<group>"; };
		408718F21A5D2A3E00833F0A /* DemoCategoriesCell.xib */ = {isa = PBXFileReference; fileEncoding = 4; lastKnownFileType = file.xib; path = DemoCategoriesCell.xib; sourceTree = "<group>"; };
		408718F51A5D315D00833F0A /* DemoButtonsController.h */ = {isa = PBXFileReference; fileEncoding = 4; lastKnownFileType = sourcecode.c.h; path = DemoButtonsController.h; sourceTree = "<group>"; };
		408718F61A5D315D00833F0A /* DemoButtonsController.m */ = {isa = PBXFileReference; fileEncoding = 4; lastKnownFileType = sourcecode.c.objc; path = DemoButtonsController.m; sourceTree = "<group>"; };
		408718F71A5D315D00833F0A /* DemoButtonsController.xib */ = {isa = PBXFileReference; fileEncoding = 4; lastKnownFileType = file.xib; path = DemoButtonsController.xib; sourceTree = "<group>"; };
		408718FB1A5D491600833F0A /* DemoFieldsController.h */ = {isa = PBXFileReference; fileEncoding = 4; lastKnownFileType = sourcecode.c.h; path = DemoFieldsController.h; sourceTree = "<group>"; };
		408718FC1A5D491600833F0A /* DemoFieldsController.m */ = {isa = PBXFileReference; fileEncoding = 4; lastKnownFileType = sourcecode.c.objc; path = DemoFieldsController.m; sourceTree = "<group>"; };
		408718FD1A5D491600833F0A /* DemoFieldsController.xib */ = {isa = PBXFileReference; fileEncoding = 4; lastKnownFileType = file.xib; path = DemoFieldsController.xib; sourceTree = "<group>"; };
		409829091A712A2600D83152 /* Podfile */ = {isa = PBXFileReference; fileEncoding = 4; lastKnownFileType = text; path = Podfile; sourceTree = "<group>"; xcLanguageSpecificationIdentifier = xcode.lang.ruby; };
		4098290C1A712B0400D83152 /* DemoTablesCell.xib */ = {isa = PBXFileReference; fileEncoding = 4; lastKnownFileType = file.xib; path = DemoTablesCell.xib; sourceTree = "<group>"; };
		4098290D1A712B0400D83152 /* DemoTablesController.h */ = {isa = PBXFileReference; fileEncoding = 4; lastKnownFileType = sourcecode.c.h; path = DemoTablesController.h; sourceTree = "<group>"; };
		4098290E1A712B0400D83152 /* DemoTablesController.m */ = {isa = PBXFileReference; fileEncoding = 4; lastKnownFileType = sourcecode.c.objc; lineEnding = 0; path = DemoTablesController.m; sourceTree = "<group>"; xcLanguageSpecificationIdentifier = xcode.lang.objc; };
		4098290F1A712B0400D83152 /* DemoTablesController.xib */ = {isa = PBXFileReference; fileEncoding = 4; lastKnownFileType = file.xib; path = DemoTablesController.xib; sourceTree = "<group>"; };
		409829141A712B9200D83152 /* Demo500pxCell.xib */ = {isa = PBXFileReference; fileEncoding = 4; lastKnownFileType = file.xib; path = Demo500pxCell.xib; sourceTree = "<group>"; };
		409829151A712B9200D83152 /* Demo500pxController.h */ = {isa = PBXFileReference; fileEncoding = 4; lastKnownFileType = sourcecode.c.h; path = Demo500pxController.h; sourceTree = "<group>"; };
		409829161A712B9200D83152 /* Demo500pxController.m */ = {isa = PBXFileReference; fileEncoding = 4; lastKnownFileType = sourcecode.c.objc; path = Demo500pxController.m; sourceTree = "<group>"; };
		409829171A712B9200D83152 /* Demo500pxController.xib */ = {isa = PBXFileReference; fileEncoding = 4; lastKnownFileType = file.xib; path = Demo500pxController.xib; sourceTree = "<group>"; };
		40C01D651A893CBC00FD41B2 /* Mobily.podspec */ = {isa = PBXFileReference; fileEncoding = 4; lastKnownFileType = text; name = Mobily.podspec; path = ../Mobily.podspec; sourceTree = "<group>"; };
		40E915ED1AA0A6C000572C4E /* DemoCalendarController.h */ = {isa = PBXFileReference; fileEncoding = 4; lastKnownFileType = sourcecode.c.h; path = DemoCalendarController.h; sourceTree = "<group>"; };
		40E915EE1AA0A6C000572C4E /* DemoCalendarController.m */ = {isa = PBXFileReference; fileEncoding = 4; lastKnownFileType = sourcecode.c.objc; path = DemoCalendarController.m; sourceTree = "<group>"; };
		40E915EF1AA0A6C000572C4E /* DemoCalendarController.xib */ = {isa = PBXFileReference; fileEncoding = 4; lastKnownFileType = file.xib; path = DemoCalendarController.xib; sourceTree = "<group>"; };
		40E915F01AA0A6C000572C4E /* DemoCalendarMonthCell.xib */ = {isa = PBXFileReference; fileEncoding = 4; lastKnownFileType = file.xib; path = DemoCalendarMonthCell.xib; sourceTree = "<group>"; };
		40E915F11AA0A6C000572C4E /* DemoCalendarDayCell.xib */ = {isa = PBXFileReference; fileEncoding = 4; lastKnownFileType = file.xib; path = DemoCalendarDayCell.xib; sourceTree = "<group>"; };
		40E915F61AA0B36800572C4E /* DemoCalendarWeekdayCell.xib */ = {isa = PBXFileReference; fileEncoding = 4; lastKnownFileType = file.xib; path = DemoCalendarWeekdayCell.xib; sourceTree = "<group>"; };
		40E916061AA1F8EE00572C4E /* DemoCategoriesHeaderCell.xib */ = {isa = PBXFileReference; fileEncoding = 4; lastKnownFileType = file.xib; path = DemoCategoriesHeaderCell.xib; sourceTree = "<group>"; };
		40FDAE331A9B290100A17A98 /* menu-back.png */ = {isa = PBXFileReference; lastKnownFileType = image.png; path = "menu-back.png"; sourceTree = "<group>"; };
		40FDAE341A9B290100A17A98 /* menu-back@2x.png */ = {isa = PBXFileReference; lastKnownFileType = image.png; path = "menu-back@2x.png"; sourceTree = "<group>"; };
		40FDAE351A9B290100A17A98 /* menu-back@3x.png */ = {isa = PBXFileReference; lastKnownFileType = image.png; path = "menu-back@3x.png"; sourceTree = "<group>"; };
		5A2438BFA45DA754D1C37067 /* Pods.release.xcconfig */ = {isa = PBXFileReference; includeInIndex = 1; lastKnownFileType = text.xcconfig; name = Pods.release.xcconfig; path = "Pods/Target Support Files/Pods/Pods.release.xcconfig"; sourceTree = "<group>"; };
		F16AA68F9FE04603B1D99102 /* libPods.a */ = {isa = PBXFileReference; explicitFileType = archive.ar; includeInIndex = 0; path = libPods.a; sourceTree = BUILT_PRODUCTS_DIR; };
/* End PBXFileReference section */

/* Begin PBXFrameworksBuildPhase section */
		401FEE4C18A3F92800B445EB /* Frameworks */ = {
			isa = PBXFrameworksBuildPhase;
			buildActionMask = 2147483647;
			files = (
				401FEE5518A3F92800B445EB /* CoreGraphics.framework in Frameworks */,
				401FEE5718A3F92800B445EB /* UIKit.framework in Frameworks */,
				401FEE5318A3F92800B445EB /* Foundation.framework in Frameworks */,
				407B41BF1A6420ED00A3DFFD /* AVFoundation.framework in Frameworks */,
				C13E78B87D644CF2A6696DA8 /* libPods.a in Frameworks */,
			);
			runOnlyForDeploymentPostprocessing = 0;
		};
/* End PBXFrameworksBuildPhase section */

/* Begin PBXGroup section */
		4004F42A1AA7026D00EF80FC /* Grid */ = {
			isa = PBXGroup;
			children = (
				4004F42D1AA7026D00EF80FC /* DemoGridController.h */,
				4004F42E1AA7026D00EF80FC /* DemoGridController.m */,
				406B45B41AAF68160048268C /* DemoGridController.xib */,
				4004F42C1AA7026D00EF80FC /* DemoGridColumnCell.xib */,
				4004F42F1AA7026D00EF80FC /* DemoGridRowCell.xib */,
				4004F42B1AA7026D00EF80FC /* DemoGridCell.xib */,
			);
			path = Grid;
			sourceTree = "<group>";
		};
		401FEE4618A3F92800B445EB = {
			isa = PBXGroup;
			children = (
				408718D91A5C443900833F0A /* Demo */,
				401FEE5118A3F92800B445EB /* Frameworks */,
				401FEE5018A3F92800B445EB /* Products */,
				4F1F86033CDFF14E4568271C /* Pods */,
				40C01D651A893CBC00FD41B2 /* Mobily.podspec */,
				409829091A712A2600D83152 /* Podfile */,
			);
			sourceTree = "<group>";
		};
		401FEE5018A3F92800B445EB /* Products */ = {
			isa = PBXGroup;
			children = (
				401FEE4F18A3F92800B445EB /* Demo.app */,
			);
			name = Products;
			sourceTree = "<group>";
		};
		401FEE5118A3F92800B445EB /* Frameworks */ = {
			isa = PBXGroup;
			children = (
				401FEE5218A3F92800B445EB /* Foundation.framework */,
				401FEE5418A3F92800B445EB /* CoreGraphics.framework */,
				401FEE5618A3F92800B445EB /* UIKit.framework */,
				407B41BE1A6420ED00A3DFFD /* AVFoundation.framework */,
				F16AA68F9FE04603B1D99102 /* libPods.a */,
			);
			name = Frameworks;
			sourceTree = "<group>";
		};
		407B41C21A642F7300A3DFFD /* AudioRecorder */ = {
			isa = PBXGroup;
			children = (
				407B41C31A642F7300A3DFFD /* DemoAudioRecorderController.h */,
				407B41C41A642F7300A3DFFD /* DemoAudioRecorderController.m */,
				407B41C51A642F7300A3DFFD /* DemoAudioRecorderController.xib */,
			);
			path = AudioRecorder;
			sourceTree = "<group>";
		};
		407F25B11A65864C00B0A79C /* Media */ = {
			isa = PBXGroup;
			children = (
				40FDAE321A9B290100A17A98 /* Icons */,
				407F25B21A65864C00B0A79C /* Audio */,
			);
			path = Media;
			sourceTree = "<group>";
		};
		407F25B21A65864C00B0A79C /* Audio */ = {
			isa = PBXGroup;
			children = (
				407F25B31A65864C00B0A79C /* TestMusic.m4a */,
			);
			path = Audio;
			sourceTree = "<group>";
		};
		407F25B51A65CB4800B0A79C /* AudioPlayer */ = {
			isa = PBXGroup;
			children = (
				407F25B61A65CB4800B0A79C /* DemoAudioPlayerController.h */,
				407F25B71A65CB4800B0A79C /* DemoAudioPlayerController.m */,
				407F25B81A65CB4800B0A79C /* DemoAudioPlayerController.xib */,
			);
			path = AudioPlayer;
			sourceTree = "<group>";
		};
		408718D91A5C443900833F0A /* Demo */ = {
			isa = PBXGroup;
			children = (
				408718DA1A5C443900833F0A /* Application */,
				408718E71A5C443900833F0A /* Mobily */,
				408718E31A5C443900833F0A /* Locale */,
				407F25B11A65864C00B0A79C /* Media */,
				408718E11A5C443900833F0A /* Demo.pch */,
				408718E21A5C443900833F0A /* Demo.plist */,
				408718E61A5C443900833F0A /* Main.m */,
			);
			path = Demo;
			sourceTree = "<group>";
		};
		408718DA1A5C443900833F0A /* Application */ = {
			isa = PBXGroup;
			children = (
				408718DB1A5C443900833F0A /* Categories */,
				408718DF1A5C443900833F0A /* DemoApplication.h */,
				408718E01A5C443900833F0A /* DemoApplication.m */,
			);
			path = Application;
			sourceTree = "<group>";
		};
		408718DB1A5C443900833F0A /* Categories */ = {
			isa = PBXGroup;
			children = (
				408718F41A5D315C00833F0A /* Buttons */,
				408718FA1A5D491600833F0A /* Fields */,
				4098290B1A712B0400D83152 /* Tables */,
				4004F42A1AA7026D00EF80FC /* Grid */,
				40E915EC1AA0A6C000572C4E /* Calendar */,
				407B41C21A642F7300A3DFFD /* AudioRecorder */,
				407F25B51A65CB4800B0A79C /* AudioPlayer */,
				408718DC1A5C443900833F0A /* DemoCategoriesController.h */,
				408718DD1A5C443900833F0A /* DemoCategoriesController.m */,
				408718DE1A5C443900833F0A /* DemoCategoriesController.xib */,
				40E916061AA1F8EE00572C4E /* DemoCategoriesHeaderCell.xib */,
				408718F21A5D2A3E00833F0A /* DemoCategoriesCell.xib */,
			);
			path = Categories;
			sourceTree = "<group>";
		};
		408718E31A5C443900833F0A /* Locale */ = {
			isa = PBXGroup;
			children = (
				408718E41A5C443900833F0A /* InfoPlist.strings */,
			);
			path = Locale;
			sourceTree = "<group>";
		};
		408718E71A5C443900833F0A /* Mobily */ = {
			isa = PBXGroup;
			children = (
				408718E81A5C443900833F0A /* Application.mobily */,
				408718E91A5C443900833F0A /* Presets.mobily */,
			);
			path = Mobily;
			sourceTree = "<group>";
		};
		408718F41A5D315C00833F0A /* Buttons */ = {
			isa = PBXGroup;
			children = (
				408718F51A5D315D00833F0A /* DemoButtonsController.h */,
				408718F61A5D315D00833F0A /* DemoButtonsController.m */,
				408718F71A5D315D00833F0A /* DemoButtonsController.xib */,
			);
			path = Buttons;
			sourceTree = "<group>";
		};
		408718FA1A5D491600833F0A /* Fields */ = {
			isa = PBXGroup;
			children = (
				408718FB1A5D491600833F0A /* DemoFieldsController.h */,
				408718FC1A5D491600833F0A /* DemoFieldsController.m */,
				408718FD1A5D491600833F0A /* DemoFieldsController.xib */,
			);
			path = Fields;
			sourceTree = "<group>";
		};
		4098290B1A712B0400D83152 /* Tables */ = {
			isa = PBXGroup;
			children = (
				409829131A712B9200D83152 /* 500px */,
				4098290D1A712B0400D83152 /* DemoTablesController.h */,
				4098290E1A712B0400D83152 /* DemoTablesController.m */,
				4098290F1A712B0400D83152 /* DemoTablesController.xib */,
				4098290C1A712B0400D83152 /* DemoTablesCell.xib */,
			);
			path = Tables;
			sourceTree = "<group>";
		};
		409829131A712B9200D83152 /* 500px */ = {
			isa = PBXGroup;
			children = (
				409829151A712B9200D83152 /* Demo500pxController.h */,
				409829161A712B9200D83152 /* Demo500pxController.m */,
				409829171A712B9200D83152 /* Demo500pxController.xib */,
				409829141A712B9200D83152 /* Demo500pxCell.xib */,
			);
			path = 500px;
			sourceTree = "<group>";
		};
		40E915EC1AA0A6C000572C4E /* Calendar */ = {
			isa = PBXGroup;
			children = (
				40E915ED1AA0A6C000572C4E /* DemoCalendarController.h */,
				40E915EE1AA0A6C000572C4E /* DemoCalendarController.m */,
				40E915EF1AA0A6C000572C4E /* DemoCalendarController.xib */,
				40E915F01AA0A6C000572C4E /* DemoCalendarMonthCell.xib */,
				40E915F61AA0B36800572C4E /* DemoCalendarWeekdayCell.xib */,
				40E915F11AA0A6C000572C4E /* DemoCalendarDayCell.xib */,
			);
			path = Calendar;
			sourceTree = "<group>";
		};
		40FDAE321A9B290100A17A98 /* Icons */ = {
			isa = PBXGroup;
			children = (
				40FDAE331A9B290100A17A98 /* menu-back.png */,
				40FDAE341A9B290100A17A98 /* menu-back@2x.png */,
				40FDAE351A9B290100A17A98 /* menu-back@3x.png */,
			);
			path = Icons;
			sourceTree = "<group>";
		};
		4F1F86033CDFF14E4568271C /* Pods */ = {
			isa = PBXGroup;
			children = (
				2BBC62D562492FDF2CDB1707 /* Pods.debug.xcconfig */,
				5A2438BFA45DA754D1C37067 /* Pods.release.xcconfig */,
			);
			name = Pods;
			sourceTree = "<group>";
		};
/* End PBXGroup section */

/* Begin PBXNativeTarget section */
		401FEE4E18A3F92800B445EB /* Demo */ = {
			isa = PBXNativeTarget;
			buildConfigurationList = 401FEE7B18A3F92800B445EB /* Build configuration list for PBXNativeTarget "Demo" */;
			buildPhases = (
				B5EF831C1EE3466E88C6CC3D /* Check Pods Manifest.lock */,
				401FEE4B18A3F92800B445EB /* Sources */,
				401FEE4C18A3F92800B445EB /* Frameworks */,
				401FEE4D18A3F92800B445EB /* Resources */,
				412AC5C9C0094AEAB4B73BCE /* Copy Pods Resources */,
			);
			buildRules = (
			);
			dependencies = (
			);
			name = Demo;
			productName = Mobily;
			productReference = 401FEE4F18A3F92800B445EB /* Demo.app */;
			productType = "com.apple.product-type.application";
		};
/* End PBXNativeTarget section */

/* Begin PBXProject section */
		401FEE4718A3F92800B445EB /* Project object */ = {
			isa = PBXProject;
			attributes = {
				CLASSPREFIX = Mobily;
				LastUpgradeCheck = 0510;
				ORGANIZATIONNAME = fgengine;
				TargetAttributes = {
					401FEE4E18A3F92800B445EB = {
						DevelopmentTeam = EZFJCYP5C9;
					};
				};
			};
			buildConfigurationList = 401FEE4A18A3F92800B445EB /* Build configuration list for PBXProject "Demo" */;
			compatibilityVersion = "Xcode 3.2";
			developmentRegion = English;
			hasScannedForEncodings = 0;
			knownRegions = (
				en,
			);
			mainGroup = 401FEE4618A3F92800B445EB;
			productRefGroup = 401FEE5018A3F92800B445EB /* Products */;
			projectDirPath = "";
			projectRoot = "";
			targets = (
				401FEE4E18A3F92800B445EB /* Demo */,
			);
		};
/* End PBXProject section */

/* Begin PBXResourcesBuildPhase section */
		401FEE4D18A3F92800B445EB /* Resources */ = {
			isa = PBXResourcesBuildPhase;
			buildActionMask = 2147483647;
			files = (
				4098291A1A712B9200D83152 /* Demo500pxController.xib in Resources */,
				40E916071AA1F8EE00572C4E /* DemoCategoriesHeaderCell.xib in Resources */,
				408718EB1A5C443900833F0A /* DemoCategoriesController.xib in Resources */,
				40FDAE371A9B290100A17A98 /* menu-back@2x.png in Resources */,
				408718FF1A5D491600833F0A /* DemoFieldsController.xib in Resources */,
				407F25B41A65864C00B0A79C /* TestMusic.m4a in Resources */,
				406B45B51AAF68160048268C /* DemoGridController.xib in Resources */,
				407F25BA1A65CB4800B0A79C /* DemoAudioPlayerController.xib in Resources */,
				409829181A712B9200D83152 /* Demo500pxCell.xib in Resources */,
				40C01D661A893CBC00FD41B2 /* Mobily.podspec in Resources */,
				408718EE1A5C443900833F0A /* InfoPlist.strings in Resources */,
				4004F4311AA7026D00EF80FC /* DemoGridColumnCell.xib in Resources */,
				40E915F31AA0A6C000572C4E /* DemoCalendarController.xib in Resources */,
				408718F31A5D2A3E00833F0A /* DemoCategoriesCell.xib in Resources */,
				40E915F41AA0A6C000572C4E /* DemoCalendarMonthCell.xib in Resources */,
				407B41C71A642F7300A3DFFD /* DemoAudioRecorderController.xib in Resources */,
				408718F11A5C443900833F0A /* Presets.mobily in Resources */,
				408718F01A5C443900833F0A /* Application.mobily in Resources */,
				4098290A1A712A2600D83152 /* Podfile in Resources */,
				40E915F71AA0B36800572C4E /* DemoCalendarWeekdayCell.xib in Resources */,
				4004F4331AA7026D00EF80FC /* DemoGridRowCell.xib in Resources */,
				409829121A712B0400D83152 /* DemoTablesController.xib in Resources */,
				4004F4301AA7026D00EF80FC /* DemoGridCell.xib in Resources */,
				40FDAE361A9B290100A17A98 /* menu-back.png in Resources */,
				40E915F51AA0A6C000572C4E /* DemoCalendarDayCell.xib in Resources */,
				408718F91A5D315D00833F0A /* DemoButtonsController.xib in Resources */,
				40FDAE381A9B290100A17A98 /* menu-back@3x.png in Resources */,
				409829101A712B0400D83152 /* DemoTablesCell.xib in Resources */,
			);
			runOnlyForDeploymentPostprocessing = 0;
		};
/* End PBXResourcesBuildPhase section */

/* Begin PBXShellScriptBuildPhase section */
		412AC5C9C0094AEAB4B73BCE /* Copy Pods Resources */ = {
			isa = PBXShellScriptBuildPhase;
			buildActionMask = 2147483647;
			files = (
			);
			inputPaths = (
			);
			name = "Copy Pods Resources";
			outputPaths = (
			);
			runOnlyForDeploymentPostprocessing = 0;
			shellPath = /bin/sh;
			shellScript = "\"${SRCROOT}/Pods/Target Support Files/Pods/Pods-resources.sh\"\n";
			showEnvVarsInLog = 0;
		};
		B5EF831C1EE3466E88C6CC3D /* Check Pods Manifest.lock */ = {
			isa = PBXShellScriptBuildPhase;
			buildActionMask = 2147483647;
			files = (
			);
			inputPaths = (
			);
			name = "Check Pods Manifest.lock";
			outputPaths = (
			);
			runOnlyForDeploymentPostprocessing = 0;
			shellPath = /bin/sh;
			shellScript = "diff \"${PODS_ROOT}/../Podfile.lock\" \"${PODS_ROOT}/Manifest.lock\" > /dev/null\nif [[ $? != 0 ]] ; then\n    cat << EOM\nerror: The sandbox is not in sync with the Podfile.lock. Run 'pod install' or update your CocoaPods installation.\nEOM\n    exit 1\nfi\n";
			showEnvVarsInLog = 0;
		};
/* End PBXShellScriptBuildPhase section */

/* Begin PBXSourcesBuildPhase section */
		401FEE4B18A3F92800B445EB /* Sources */ = {
			isa = PBXSourcesBuildPhase;
			buildActionMask = 2147483647;
			files = (
				408718EF1A5C443900833F0A /* Main.m in Sources */,
				409829111A712B0400D83152 /* DemoTablesController.m in Sources */,
				408718EC1A5C443900833F0A /* DemoApplication.m in Sources */,
				409829191A712B9200D83152 /* Demo500pxController.m in Sources */,
				40E915F21AA0A6C000572C4E /* DemoCalendarController.m in Sources */,
				4004F4321AA7026D00EF80FC /* DemoGridController.m in Sources */,
				407F25B91A65CB4800B0A79C /* DemoAudioPlayerController.m in Sources */,
				407B41C61A642F7300A3DFFD /* DemoAudioRecorderController.m in Sources */,
				408718EA1A5C443900833F0A /* DemoCategoriesController.m in Sources */,
				408718F81A5D315D00833F0A /* DemoButtonsController.m in Sources */,
				408718FE1A5D491600833F0A /* DemoFieldsController.m in Sources */,
			);
			runOnlyForDeploymentPostprocessing = 0;
		};
/* End PBXSourcesBuildPhase section */

/* Begin PBXVariantGroup section */
		408718E41A5C443900833F0A /* InfoPlist.strings */ = {
			isa = PBXVariantGroup;
			children = (
				408718E51A5C443900833F0A /* en */,
			);
			name = InfoPlist.strings;
			sourceTree = "<group>";
		};
/* End PBXVariantGroup section */

/* Begin XCBuildConfiguration section */
		401FEE7918A3F92800B445EB /* Debug */ = {
			isa = XCBuildConfiguration;
			buildSettings = {
				ALWAYS_SEARCH_USER_PATHS = NO;
				CLANG_CXX_LANGUAGE_STANDARD = "gnu++0x";
				CLANG_CXX_LIBRARY = "libc++";
				CLANG_ENABLE_MODULES = YES;
				CLANG_ENABLE_OBJC_ARC = YES;
				CLANG_WARN_BOOL_CONVERSION = YES;
				CLANG_WARN_CONSTANT_CONVERSION = YES;
				CLANG_WARN_DIRECT_OBJC_ISA_USAGE = YES_ERROR;
				CLANG_WARN_EMPTY_BODY = YES;
				CLANG_WARN_ENUM_CONVERSION = YES;
				CLANG_WARN_INT_CONVERSION = YES;
				CLANG_WARN_OBJC_ROOT_CLASS = YES_ERROR;
				CLANG_WARN__DUPLICATE_METHOD_MATCH = YES;
				"CODE_SIGN_IDENTITY[sdk=iphoneos*]" = "iPhone Developer";
				COPY_PHASE_STRIP = NO;
				GCC_C_LANGUAGE_STANDARD = gnu99;
				GCC_DYNAMIC_NO_PIC = NO;
				GCC_OPTIMIZATION_LEVEL = 0;
				GCC_PREPROCESSOR_DEFINITIONS = (
					"DEBUG=1",
					"$(inherited)",
				);
				GCC_SYMBOLS_PRIVATE_EXTERN = NO;
				GCC_WARN_64_TO_32_BIT_CONVERSION = YES;
				GCC_WARN_ABOUT_RETURN_TYPE = YES_ERROR;
				GCC_WARN_UNDECLARED_SELECTOR = YES;
				GCC_WARN_UNINITIALIZED_AUTOS = YES;
				GCC_WARN_UNUSED_FUNCTION = YES;
				GCC_WARN_UNUSED_VARIABLE = YES;
				IPHONEOS_DEPLOYMENT_TARGET = 6.0;
				ONLY_ACTIVE_ARCH = YES;
				SDKROOT = iphoneos;
				TARGETED_DEVICE_FAMILY = "1,2";
			};
			name = Debug;
		};
		401FEE7A18A3F92800B445EB /* Release */ = {
			isa = XCBuildConfiguration;
			buildSettings = {
				ALWAYS_SEARCH_USER_PATHS = NO;
				CLANG_CXX_LANGUAGE_STANDARD = "gnu++0x";
				CLANG_CXX_LIBRARY = "libc++";
				CLANG_ENABLE_MODULES = YES;
				CLANG_ENABLE_OBJC_ARC = YES;
				CLANG_WARN_BOOL_CONVERSION = YES;
				CLANG_WARN_CONSTANT_CONVERSION = YES;
				CLANG_WARN_DIRECT_OBJC_ISA_USAGE = YES_ERROR;
				CLANG_WARN_EMPTY_BODY = YES;
				CLANG_WARN_ENUM_CONVERSION = YES;
				CLANG_WARN_INT_CONVERSION = YES;
				CLANG_WARN_OBJC_ROOT_CLASS = YES_ERROR;
				CLANG_WARN__DUPLICATE_METHOD_MATCH = YES;
				"CODE_SIGN_IDENTITY[sdk=iphoneos*]" = "iPhone Developer";
				COPY_PHASE_STRIP = YES;
				ENABLE_NS_ASSERTIONS = NO;
				GCC_C_LANGUAGE_STANDARD = gnu99;
				GCC_WARN_64_TO_32_BIT_CONVERSION = YES;
				GCC_WARN_ABOUT_RETURN_TYPE = YES_ERROR;
				GCC_WARN_UNDECLARED_SELECTOR = YES;
				GCC_WARN_UNINITIALIZED_AUTOS = YES;
				GCC_WARN_UNUSED_FUNCTION = YES;
				GCC_WARN_UNUSED_VARIABLE = YES;
				IPHONEOS_DEPLOYMENT_TARGET = 6.0;
				SDKROOT = iphoneos;
				TARGETED_DEVICE_FAMILY = "1,2";
				VALIDATE_PRODUCT = YES;
			};
			name = Release;
		};
		401FEE7C18A3F92800B445EB /* Debug */ = {
			isa = XCBuildConfiguration;
			baseConfigurationReference = 2BBC62D562492FDF2CDB1707 /* Pods.debug.xcconfig */;
			buildSettings = {
				ASSETCATALOG_COMPILER_APPICON_NAME = AppIcon;
				ASSETCATALOG_COMPILER_LAUNCHIMAGE_NAME = LaunchImage;
				CODE_SIGN_IDENTITY = "iPhone Developer";
				"CODE_SIGN_IDENTITY[sdk=iphoneos*]" = "iPhone Developer";
				FRAMEWORK_SEARCH_PATHS = (
					"$(inherited)",
					"$(PROJECT_DIR)/Classes/Social/Facebook/Frameworks",
					"$(PROJECT_DIR)/Classes/Social/Twitter/Frameworks",
				);
				GCC_PRECOMPILE_PREFIX_HEADER = YES;
				GCC_PREFIX_HEADER = Demo/Demo.pch;
				INFOPLIST_FILE = Demo/Demo.plist;
				PRODUCT_NAME = Demo;
				PROVISIONING_PROFILE = "";
				WRAPPER_EXTENSION = app;
			};
			name = Debug;
		};
		401FEE7D18A3F92800B445EB /* Release */ = {
			isa = XCBuildConfiguration;
			baseConfigurationReference = 5A2438BFA45DA754D1C37067 /* Pods.release.xcconfig */;
			buildSettings = {
				ASSETCATALOG_COMPILER_APPICON_NAME = AppIcon;
				ASSETCATALOG_COMPILER_LAUNCHIMAGE_NAME = LaunchImage;
				CODE_SIGN_IDENTITY = "iPhone Developer";
				"CODE_SIGN_IDENTITY[sdk=iphoneos*]" = "iPhone Developer";
				FRAMEWORK_SEARCH_PATHS = (
					"$(inherited)",
					"$(PROJECT_DIR)/Classes/Social/Facebook/Frameworks",
					"$(PROJECT_DIR)/Classes/Social/Twitter/Frameworks",
				);
				GCC_PRECOMPILE_PREFIX_HEADER = YES;
				GCC_PREFIX_HEADER = Demo/Demo.pch;
				INFOPLIST_FILE = Demo/Demo.plist;
				PRODUCT_NAME = Demo;
				PROVISIONING_PROFILE = "";
				WRAPPER_EXTENSION = app;
			};
			name = Release;
		};
/* End XCBuildConfiguration section */

/* Begin XCConfigurationList section */
		401FEE4A18A3F92800B445EB /* Build configuration list for PBXProject "Demo" */ = {
			isa = XCConfigurationList;
			buildConfigurations = (
				401FEE7918A3F92800B445EB /* Debug */,
				401FEE7A18A3F92800B445EB /* Release */,
			);
			defaultConfigurationIsVisible = 0;
			defaultConfigurationName = Release;
		};
		401FEE7B18A3F92800B445EB /* Build configuration list for PBXNativeTarget "Demo" */ = {
			isa = XCConfigurationList;
			buildConfigurations = (
				401FEE7C18A3F92800B445EB /* Debug */,
				401FEE7D18A3F92800B445EB /* Release */,
			);
			defaultConfigurationIsVisible = 0;
			defaultConfigurationName = Release;
		};
/* End XCConfigurationList section */
	};
	rootObject = 401FEE4718A3F92800B445EB /* Project object */;
}
